// !$*UTF8*$!
{
	archiveVersion = 1;
	classes = {
	};
	objectVersion = 46;
	objects = {

/* Begin PBXBuildFile section */
		99E4A15A576D4B4C88B82CC1 /* libPods.a in Frameworks */ = {isa = PBXBuildFile; fileRef = 6758F6AD93444EF084373BAB /* libPods.a */; };
		CAC9595818DFEB4C000141E1 /* BusinessListViewCell.m in Sources */ = {isa = PBXBuildFile; fileRef = CAC9595618DFEB4C000141E1 /* BusinessListViewCell.m */; };
		CAC9595918DFEB4C000141E1 /* BusinessListViewCell.xib in Resources */ = {isa = PBXBuildFile; fileRef = CAC9595718DFEB4C000141E1 /* BusinessListViewCell.xib */; };
		CAC9595D18DFEC93000141E1 /* FilterTableViewController.m in Sources */ = {isa = PBXBuildFile; fileRef = CAC9595B18DFEC93000141E1 /* FilterTableViewController.m */; };
		CAC9595E18DFEC93000141E1 /* FilterTableViewController.xib in Resources */ = {isa = PBXBuildFile; fileRef = CAC9595C18DFEC93000141E1 /* FilterTableViewController.xib */; };
		CAC9596218DFECFF000141E1 /* PriceFilterViewCell.m in Sources */ = {isa = PBXBuildFile; fileRef = CAC9596018DFECFF000141E1 /* PriceFilterViewCell.m */; };
		CAC9596318DFECFF000141E1 /* PriceFilterViewCell.xib in Resources */ = {isa = PBXBuildFile; fileRef = CAC9596118DFECFF000141E1 /* PriceFilterViewCell.xib */; };
		CAC9596718DFEFE6000141E1 /* PopularFilterViewCell.m in Sources */ = {isa = PBXBuildFile; fileRef = CAC9596518DFEFE6000141E1 /* PopularFilterViewCell.m */; };
		CAC9596818DFEFE6000141E1 /* PopularFilterViewCell.xib in Resources */ = {isa = PBXBuildFile; fileRef = CAC9596618DFEFE6000141E1 /* PopularFilterViewCell.xib */; };
		CAC9596C18DFFB6A000141E1 /* SortFilterViewCell.m in Sources */ = {isa = PBXBuildFile; fileRef = CAC9596A18DFFB6A000141E1 /* SortFilterViewCell.m */; };
		CAC9596D18DFFB6A000141E1 /* SortFilterViewCell.xib in Resources */ = {isa = PBXBuildFile; fileRef = CAC9596B18DFFB6A000141E1 /* SortFilterViewCell.xib */; };
		CAC9597018E11C9A000141E1 /* FilterModel.m in Sources */ = {isa = PBXBuildFile; fileRef = CAC9596F18E11C9A000141E1 /* FilterModel.m */; };
		CAC9597718E157F1000141E1 /* MenuDisclosureViewCell.m in Sources */ = {isa = PBXBuildFile; fileRef = CAC9597518E157F1000141E1 /* MenuDisclosureViewCell.m */; };
		CAC9597818E157F1000141E1 /* MenuDisclosureViewCell.xib in Resources */ = {isa = PBXBuildFile; fileRef = CAC9597618E157F1000141E1 /* MenuDisclosureViewCell.xib */; };
		CACAA85118DBF4E800DDBDCD /* Foundation.framework in Frameworks */ = {isa = PBXBuildFile; fileRef = CACAA85018DBF4E800DDBDCD /* Foundation.framework */; };
		CACAA85318DBF4E800DDBDCD /* CoreGraphics.framework in Frameworks */ = {isa = PBXBuildFile; fileRef = CACAA85218DBF4E800DDBDCD /* CoreGraphics.framework */; };
		CACAA85518DBF4E800DDBDCD /* UIKit.framework in Frameworks */ = {isa = PBXBuildFile; fileRef = CACAA85418DBF4E800DDBDCD /* UIKit.framework */; };
		CACAA85B18DBF4E800DDBDCD /* InfoPlist.strings in Resources */ = {isa = PBXBuildFile; fileRef = CACAA85918DBF4E800DDBDCD /* InfoPlist.strings */; };
		CACAA85D18DBF4E800DDBDCD /* main.m in Sources */ = {isa = PBXBuildFile; fileRef = CACAA85C18DBF4E800DDBDCD /* main.m */; };
		CACAA86118DBF4E800DDBDCD /* AppDelegate.m in Sources */ = {isa = PBXBuildFile; fileRef = CACAA86018DBF4E800DDBDCD /* AppDelegate.m */; };
		CACAA86318DBF4E800DDBDCD /* Images.xcassets in Resources */ = {isa = PBXBuildFile; fileRef = CACAA86218DBF4E800DDBDCD /* Images.xcassets */; };
		CACAA86A18DBF4E800DDBDCD /* XCTest.framework in Frameworks */ = {isa = PBXBuildFile; fileRef = CACAA86918DBF4E800DDBDCD /* XCTest.framework */; };
		CACAA86B18DBF4E800DDBDCD /* Foundation.framework in Frameworks */ = {isa = PBXBuildFile; fileRef = CACAA85018DBF4E800DDBDCD /* Foundation.framework */; };
		CACAA86C18DBF4E800DDBDCD /* UIKit.framework in Frameworks */ = {isa = PBXBuildFile; fileRef = CACAA85418DBF4E800DDBDCD /* UIKit.framework */; };
		CACAA87418DBF4E800DDBDCD /* InfoPlist.strings in Resources */ = {isa = PBXBuildFile; fileRef = CACAA87218DBF4E800DDBDCD /* InfoPlist.strings */; };
		CACAA87618DBF4E800DDBDCD /* KelpTests.m in Sources */ = {isa = PBXBuildFile; fileRef = CACAA87518DBF4E800DDBDCD /* KelpTests.m */; };
		CACAA88218DBF51C00DDBDCD /* BusinessListViewController.m in Sources */ = {isa = PBXBuildFile; fileRef = CACAA88018DBF51C00DDBDCD /* BusinessListViewController.m */; };
		CACAA88318DBF51C00DDBDCD /* BusinessListViewController.xib in Resources */ = {isa = PBXBuildFile; fileRef = CACAA88118DBF51C00DDBDCD /* BusinessListViewController.xib */; };
		CACAA88C18DBF61B00DDBDCD /* BusinessModel.m in Sources */ = {isa = PBXBuildFile; fileRef = CACAA88B18DBF61B00DDBDCD /* BusinessModel.m */; };
		CACAA89618DC063A00DDBDCD /* star.png in Resources */ = {isa = PBXBuildFile; fileRef = CACAA89418DC063A00DDBDCD /* star.png */; };
		CACAA89718DC063A00DDBDCD /* star@2x.png in Resources */ = {isa = PBXBuildFile; fileRef = CACAA89518DC063A00DDBDCD /* star@2x.png */; };
		CACAA89A18DE328400DDBDCD /* YelpClient.m in Sources */ = {isa = PBXBuildFile; fileRef = CACAA89918DE328400DDBDCD /* YelpClient.m */; };
		CACAA89D18DE372E00DDBDCD /* Constants.m in Sources */ = {isa = PBXBuildFile; fileRef = CACAA89C18DE372E00DDBDCD /* Constants.m */; };
/* End PBXBuildFile section */

/* Begin PBXContainerItemProxy section */
		CACAA86D18DBF4E800DDBDCD /* PBXContainerItemProxy */ = {
			isa = PBXContainerItemProxy;
			containerPortal = CACAA84518DBF4E800DDBDCD /* Project object */;
			proxyType = 1;
			remoteGlobalIDString = CACAA84C18DBF4E800DDBDCD;
			remoteInfo = Kelp;
		};
/* End PBXContainerItemProxy section */

/* Begin PBXFileReference section */
		6758F6AD93444EF084373BAB /* libPods.a */ = {isa = PBXFileReference; explicitFileType = archive.ar; includeInIndex = 0; path = libPods.a; sourceTree = BUILT_PRODUCTS_DIR; };
		CAC9595518DFEB4C000141E1 /* BusinessListViewCell.h */ = {isa = PBXFileReference; fileEncoding = 4; lastKnownFileType = sourcecode.c.h; path = BusinessListViewCell.h; sourceTree = "<group>"; };
		CAC9595618DFEB4C000141E1 /* BusinessListViewCell.m */ = {isa = PBXFileReference; fileEncoding = 4; lastKnownFileType = sourcecode.c.objc; path = BusinessListViewCell.m; sourceTree = "<group>"; };
		CAC9595718DFEB4C000141E1 /* BusinessListViewCell.xib */ = {isa = PBXFileReference; fileEncoding = 4; lastKnownFileType = file.xib; path = BusinessListViewCell.xib; sourceTree = "<group>"; };
		CAC9595A18DFEC93000141E1 /* FilterTableViewController.h */ = {isa = PBXFileReference; fileEncoding = 4; lastKnownFileType = sourcecode.c.h; path = FilterTableViewController.h; sourceTree = "<group>"; };
		CAC9595B18DFEC93000141E1 /* FilterTableViewController.m */ = {isa = PBXFileReference; fileEncoding = 4; lastKnownFileType = sourcecode.c.objc; path = FilterTableViewController.m; sourceTree = "<group>"; };
		CAC9595C18DFEC93000141E1 /* FilterTableViewController.xib */ = {isa = PBXFileReference; fileEncoding = 4; lastKnownFileType = file.xib; path = FilterTableViewController.xib; sourceTree = "<group>"; };
		CAC9595F18DFECFF000141E1 /* PriceFilterViewCell.h */ = {isa = PBXFileReference; fileEncoding = 4; lastKnownFileType = sourcecode.c.h; path = PriceFilterViewCell.h; sourceTree = "<group>"; };
		CAC9596018DFECFF000141E1 /* PriceFilterViewCell.m */ = {isa = PBXFileReference; fileEncoding = 4; lastKnownFileType = sourcecode.c.objc; path = PriceFilterViewCell.m; sourceTree = "<group>"; };
		CAC9596118DFECFF000141E1 /* PriceFilterViewCell.xib */ = {isa = PBXFileReference; fileEncoding = 4; lastKnownFileType = file.xib; path = PriceFilterViewCell.xib; sourceTree = "<group>"; };
		CAC9596418DFEFE6000141E1 /* PopularFilterViewCell.h */ = {isa = PBXFileReference; fileEncoding = 4; lastKnownFileType = sourcecode.c.h; path = PopularFilterViewCell.h; sourceTree = "<group>"; };
		CAC9596518DFEFE6000141E1 /* PopularFilterViewCell.m */ = {isa = PBXFileReference; fileEncoding = 4; lastKnownFileType = sourcecode.c.objc; path = PopularFilterViewCell.m; sourceTree = "<group>"; };
		CAC9596618DFEFE6000141E1 /* PopularFilterViewCell.xib */ = {isa = PBXFileReference; fileEncoding = 4; lastKnownFileType = file.xib; path = PopularFilterViewCell.xib; sourceTree = "<group>"; };
		CAC9596918DFFB6A000141E1 /* SortFilterViewCell.h */ = {isa = PBXFileReference; fileEncoding = 4; lastKnownFileType = sourcecode.c.h; path = SortFilterViewCell.h; sourceTree = "<group>"; };
		CAC9596A18DFFB6A000141E1 /* SortFilterViewCell.m */ = {isa = PBXFileReference; fileEncoding = 4; lastKnownFileType = sourcecode.c.objc; path = SortFilterViewCell.m; sourceTree = "<group>"; };
		CAC9596B18DFFB6A000141E1 /* SortFilterViewCell.xib */ = {isa = PBXFileReference; fileEncoding = 4; lastKnownFileType = file.xib; path = SortFilterViewCell.xib; sourceTree = "<group>"; };
		CAC9596E18E11C9A000141E1 /* FilterModel.h */ = {isa = PBXFileReference; fileEncoding = 4; lastKnownFileType = sourcecode.c.h; path = FilterModel.h; sourceTree = "<group>"; };
		CAC9596F18E11C9A000141E1 /* FilterModel.m */ = {isa = PBXFileReference; fileEncoding = 4; lastKnownFileType = sourcecode.c.objc; path = FilterModel.m; sourceTree = "<group>"; };
		CAC9597118E1474C000141E1 /* NumericFilterViewCell.h */ = {isa = PBXFileReference; fileEncoding = 4; lastKnownFileType = sourcecode.c.h; path = NumericFilterViewCell.h; sourceTree = "<group>"; };
		CAC9597418E157F1000141E1 /* MenuDisclosureViewCell.h */ = {isa = PBXFileReference; fileEncoding = 4; lastKnownFileType = sourcecode.c.h; path = MenuDisclosureViewCell.h; sourceTree = "<group>"; };
		CAC9597518E157F1000141E1 /* MenuDisclosureViewCell.m */ = {isa = PBXFileReference; fileEncoding = 4; lastKnownFileType = sourcecode.c.objc; path = MenuDisclosureViewCell.m; sourceTree = "<group>"; };
		CAC9597618E157F1000141E1 /* MenuDisclosureViewCell.xib */ = {isa = PBXFileReference; fileEncoding = 4; lastKnownFileType = file.xib; path = MenuDisclosureViewCell.xib; sourceTree = "<group>"; };
		CACAA84D18DBF4E800DDBDCD /* Kelp.app */ = {isa = PBXFileReference; explicitFileType = wrapper.application; includeInIndex = 0; path = Kelp.app; sourceTree = BUILT_PRODUCTS_DIR; };
		CACAA85018DBF4E800DDBDCD /* Foundation.framework */ = {isa = PBXFileReference; lastKnownFileType = wrapper.framework; name = Foundation.framework; path = System/Library/Frameworks/Foundation.framework; sourceTree = SDKROOT; };
		CACAA85218DBF4E800DDBDCD /* CoreGraphics.framework */ = {isa = PBXFileReference; lastKnownFileType = wrapper.framework; name = CoreGraphics.framework; path = System/Library/Frameworks/CoreGraphics.framework; sourceTree = SDKROOT; };
		CACAA85418DBF4E800DDBDCD /* UIKit.framework */ = {isa = PBXFileReference; lastKnownFileType = wrapper.framework; name = UIKit.framework; path = System/Library/Frameworks/UIKit.framework; sourceTree = SDKROOT; };
		CACAA85818DBF4E800DDBDCD /* Kelp-Info.plist */ = {isa = PBXFileReference; lastKnownFileType = text.plist.xml; path = "Kelp-Info.plist"; sourceTree = "<group>"; };
		CACAA85A18DBF4E800DDBDCD /* en */ = {isa = PBXFileReference; lastKnownFileType = text.plist.strings; name = en; path = en.lproj/InfoPlist.strings; sourceTree = "<group>"; };
		CACAA85C18DBF4E800DDBDCD /* main.m */ = {isa = PBXFileReference; lastKnownFileType = sourcecode.c.objc; path = main.m; sourceTree = "<group>"; };
		CACAA85E18DBF4E800DDBDCD /* Kelp-Prefix.pch */ = {isa = PBXFileReference; lastKnownFileType = sourcecode.c.h; path = "Kelp-Prefix.pch"; sourceTree = "<group>"; };
		CACAA85F18DBF4E800DDBDCD /* AppDelegate.h */ = {isa = PBXFileReference; lastKnownFileType = sourcecode.c.h; path = AppDelegate.h; sourceTree = "<group>"; };
		CACAA86018DBF4E800DDBDCD /* AppDelegate.m */ = {isa = PBXFileReference; lastKnownFileType = sourcecode.c.objc; path = AppDelegate.m; sourceTree = "<group>"; };
		CACAA86218DBF4E800DDBDCD /* Images.xcassets */ = {isa = PBXFileReference; lastKnownFileType = folder.assetcatalog; path = Images.xcassets; sourceTree = "<group>"; };
		CACAA86818DBF4E800DDBDCD /* KelpTests.xctest */ = {isa = PBXFileReference; explicitFileType = wrapper.cfbundle; includeInIndex = 0; path = KelpTests.xctest; sourceTree = BUILT_PRODUCTS_DIR; };
		CACAA86918DBF4E800DDBDCD /* XCTest.framework */ = {isa = PBXFileReference; lastKnownFileType = wrapper.framework; name = XCTest.framework; path = Library/Frameworks/XCTest.framework; sourceTree = DEVELOPER_DIR; };
		CACAA87118DBF4E800DDBDCD /* KelpTests-Info.plist */ = {isa = PBXFileReference; lastKnownFileType = text.plist.xml; path = "KelpTests-Info.plist"; sourceTree = "<group>"; };
		CACAA87318DBF4E800DDBDCD /* en */ = {isa = PBXFileReference; lastKnownFileType = text.plist.strings; name = en; path = en.lproj/InfoPlist.strings; sourceTree = "<group>"; };
		CACAA87518DBF4E800DDBDCD /* KelpTests.m */ = {isa = PBXFileReference; lastKnownFileType = sourcecode.c.objc; path = KelpTests.m; sourceTree = "<group>"; };
		CACAA87F18DBF51C00DDBDCD /* BusinessListViewController.h */ = {isa = PBXFileReference; fileEncoding = 4; lastKnownFileType = sourcecode.c.h; path = BusinessListViewController.h; sourceTree = "<group>"; };
		CACAA88018DBF51C00DDBDCD /* BusinessListViewController.m */ = {isa = PBXFileReference; fileEncoding = 4; lastKnownFileType = sourcecode.c.objc; path = BusinessListViewController.m; sourceTree = "<group>"; };
		CACAA88118DBF51C00DDBDCD /* BusinessListViewController.xib */ = {isa = PBXFileReference; fileEncoding = 4; lastKnownFileType = file.xib; path = BusinessListViewController.xib; sourceTree = "<group>"; };
		CACAA88A18DBF61B00DDBDCD /* BusinessModel.h */ = {isa = PBXFileReference; fileEncoding = 4; lastKnownFileType = sourcecode.c.h; path = BusinessModel.h; sourceTree = "<group>"; };
		CACAA88B18DBF61B00DDBDCD /* BusinessModel.m */ = {isa = PBXFileReference; fileEncoding = 4; lastKnownFileType = sourcecode.c.objc; path = BusinessModel.m; sourceTree = "<group>"; };
		CACAA89418DC063A00DDBDCD /* star.png */ = {isa = PBXFileReference; lastKnownFileType = image.png; name = star.png; path = resources/star.png; sourceTree = "<group>"; };
		CACAA89518DC063A00DDBDCD /* star@2x.png */ = {isa = PBXFileReference; lastKnownFileType = image.png; name = "star@2x.png"; path = "resources/star@2x.png"; sourceTree = "<group>"; };
		CACAA89818DE328400DDBDCD /* YelpClient.h */ = {isa = PBXFileReference; fileEncoding = 4; lastKnownFileType = sourcecode.c.h; path = YelpClient.h; sourceTree = "<group>"; };
		CACAA89918DE328400DDBDCD /* YelpClient.m */ = {isa = PBXFileReference; fileEncoding = 4; lastKnownFileType = sourcecode.c.objc; path = YelpClient.m; sourceTree = "<group>"; };
		CACAA89B18DE372E00DDBDCD /* Constants.h */ = {isa = PBXFileReference; fileEncoding = 4; lastKnownFileType = sourcecode.c.h; path = Constants.h; sourceTree = "<group>"; };
		CACAA89C18DE372E00DDBDCD /* Constants.m */ = {isa = PBXFileReference; fileEncoding = 4; lastKnownFileType = sourcecode.c.objc; path = Constants.m; sourceTree = "<group>"; };
		F90FF859AB48474FB16FC93B /* Pods.xcconfig */ = {isa = PBXFileReference; includeInIndex = 1; lastKnownFileType = text.xcconfig; name = Pods.xcconfig; path = Pods/Pods.xcconfig; sourceTree = "<group>"; };
/* End PBXFileReference section */

/* Begin PBXFrameworksBuildPhase section */
		CACAA84A18DBF4E800DDBDCD /* Frameworks */ = {
			isa = PBXFrameworksBuildPhase;
			buildActionMask = 2147483647;
			files = (
				CACAA85318DBF4E800DDBDCD /* CoreGraphics.framework in Frameworks */,
				CACAA85518DBF4E800DDBDCD /* UIKit.framework in Frameworks */,
				CACAA85118DBF4E800DDBDCD /* Foundation.framework in Frameworks */,
				99E4A15A576D4B4C88B82CC1 /* libPods.a in Frameworks */,
			);
			runOnlyForDeploymentPostprocessing = 0;
		};
		CACAA86518DBF4E800DDBDCD /* Frameworks */ = {
			isa = PBXFrameworksBuildPhase;
			buildActionMask = 2147483647;
			files = (
				CACAA86A18DBF4E800DDBDCD /* XCTest.framework in Frameworks */,
				CACAA86C18DBF4E800DDBDCD /* UIKit.framework in Frameworks */,
				CACAA86B18DBF4E800DDBDCD /* Foundation.framework in Frameworks */,
			);
			runOnlyForDeploymentPostprocessing = 0;
		};
/* End PBXFrameworksBuildPhase section */

/* Begin PBXGroup section */
		CACAA84418DBF4E800DDBDCD = {
			isa = PBXGroup;
			children = (
				CACAA85618DBF4E800DDBDCD /* Kelp */,
				CACAA86F18DBF4E800DDBDCD /* KelpTests */,
				CACAA84F18DBF4E800DDBDCD /* Frameworks */,
				CACAA84E18DBF4E800DDBDCD /* Products */,
				F90FF859AB48474FB16FC93B /* Pods.xcconfig */,
			);
			sourceTree = "<group>";
		};
		CACAA84E18DBF4E800DDBDCD /* Products */ = {
			isa = PBXGroup;
			children = (
				CACAA84D18DBF4E800DDBDCD /* Kelp.app */,
				CACAA86818DBF4E800DDBDCD /* KelpTests.xctest */,
			);
			name = Products;
			sourceTree = "<group>";
		};
		CACAA84F18DBF4E800DDBDCD /* Frameworks */ = {
			isa = PBXGroup;
			children = (
				CACAA85018DBF4E800DDBDCD /* Foundation.framework */,
				CACAA85218DBF4E800DDBDCD /* CoreGraphics.framework */,
				CACAA85418DBF4E800DDBDCD /* UIKit.framework */,
				CACAA86918DBF4E800DDBDCD /* XCTest.framework */,
				6758F6AD93444EF084373BAB /* libPods.a */,
			);
			name = Frameworks;
			sourceTree = "<group>";
		};
		CACAA85618DBF4E800DDBDCD /* Kelp */ = {
			isa = PBXGroup;
			children = (
				CACAA89318DC062600DDBDCD /* libs */,
				CACAA89218DC061700DDBDCD /* resources */,
				CACAA88618DBF53300DDBDCD /* model */,
				CACAA88518DBF52C00DDBDCD /* view */,
				CACAA88418DBF52400DDBDCD /* controller */,
				CACAA85F18DBF4E800DDBDCD /* AppDelegate.h */,
				CACAA86018DBF4E800DDBDCD /* AppDelegate.m */,
				CACAA86218DBF4E800DDBDCD /* Images.xcassets */,
				CACAA85718DBF4E800DDBDCD /* Supporting Files */,
				CACAA89B18DE372E00DDBDCD /* Constants.h */,
				CACAA89C18DE372E00DDBDCD /* Constants.m */,
			);
			path = Kelp;
			sourceTree = "<group>";
		};
		CACAA85718DBF4E800DDBDCD /* Supporting Files */ = {
			isa = PBXGroup;
			children = (
				CACAA85818DBF4E800DDBDCD /* Kelp-Info.plist */,
				CACAA85918DBF4E800DDBDCD /* InfoPlist.strings */,
				CACAA85C18DBF4E800DDBDCD /* main.m */,
				CACAA85E18DBF4E800DDBDCD /* Kelp-Prefix.pch */,
			);
			name = "Supporting Files";
			sourceTree = "<group>";
		};
		CACAA86F18DBF4E800DDBDCD /* KelpTests */ = {
			isa = PBXGroup;
			children = (
				CACAA87518DBF4E800DDBDCD /* KelpTests.m */,
				CACAA87018DBF4E800DDBDCD /* Supporting Files */,
			);
			path = KelpTests;
			sourceTree = "<group>";
		};
		CACAA87018DBF4E800DDBDCD /* Supporting Files */ = {
			isa = PBXGroup;
			children = (
				CACAA87118DBF4E800DDBDCD /* KelpTests-Info.plist */,
				CACAA87218DBF4E800DDBDCD /* InfoPlist.strings */,
			);
			name = "Supporting Files";
			sourceTree = "<group>";
		};
		CACAA88418DBF52400DDBDCD /* controller */ = {
			isa = PBXGroup;
			children = (
				CACAA89818DE328400DDBDCD /* YelpClient.h */,
				CACAA89918DE328400DDBDCD /* YelpClient.m */,
				CACAA87F18DBF51C00DDBDCD /* BusinessListViewController.h */,
				CACAA88018DBF51C00DDBDCD /* BusinessListViewController.m */,
				CACAA88118DBF51C00DDBDCD /* BusinessListViewController.xib */,
				CAC9595A18DFEC93000141E1 /* FilterTableViewController.h */,
				CAC9595B18DFEC93000141E1 /* FilterTableViewController.m */,
				CAC9595C18DFEC93000141E1 /* FilterTableViewController.xib */,
			);
			name = controller;
			sourceTree = "<group>";
		};
		CACAA88518DBF52C00DDBDCD /* view */ = {
			isa = PBXGroup;
			children = (
				CAC9595518DFEB4C000141E1 /* BusinessListViewCell.h */,
				CAC9595618DFEB4C000141E1 /* BusinessListViewCell.m */,
				CAC9595718DFEB4C000141E1 /* BusinessListViewCell.xib */,
				CAC9595F18DFECFF000141E1 /* PriceFilterViewCell.h */,
				CAC9596018DFECFF000141E1 /* PriceFilterViewCell.m */,
				CAC9596118DFECFF000141E1 /* PriceFilterViewCell.xib */,
				CAC9596418DFEFE6000141E1 /* PopularFilterViewCell.h */,
				CAC9596518DFEFE6000141E1 /* PopularFilterViewCell.m */,
				CAC9596618DFEFE6000141E1 /* PopularFilterViewCell.xib */,
				CAC9596918DFFB6A000141E1 /* SortFilterViewCell.h */,
				CAC9596A18DFFB6A000141E1 /* SortFilterViewCell.m */,
				CAC9596B18DFFB6A000141E1 /* SortFilterViewCell.xib */,
				CAC9597118E1474C000141E1 /* NumericFilterViewCell.h */,
				CAC9597418E157F1000141E1 /* MenuDisclosureViewCell.h */,
				CAC9597518E157F1000141E1 /* MenuDisclosureViewCell.m */,
				CAC9597618E157F1000141E1 /* MenuDisclosureViewCell.xib */,
			);
			name = view;
			path = /Users/ericsoco/Documents/lab/iOS_Codepath/projects/Kelp/Kelp;
			sourceTree = "<absolute>";
		};
		CACAA88618DBF53300DDBDCD /* model */ = {
			isa = PBXGroup;
			children = (
				CACAA88A18DBF61B00DDBDCD /* BusinessModel.h */,
				CACAA88B18DBF61B00DDBDCD /* BusinessModel.m */,
				CAC9596E18E11C9A000141E1 /* FilterModel.h */,
				CAC9596F18E11C9A000141E1 /* FilterModel.m */,
			);
			name = model;
			sourceTree = "<group>";
		};
		CACAA89218DC061700DDBDCD /* resources */ = {
			isa = PBXGroup;
			children = (
				CACAA89418DC063A00DDBDCD /* star.png */,
				CACAA89518DC063A00DDBDCD /* star@2x.png */,
			);
			name = resources;
			sourceTree = "<group>";
		};
		CACAA89318DC062600DDBDCD /* libs */ = {
			isa = PBXGroup;
			children = (
			);
			name = libs;
			sourceTree = "<group>";
		};
/* End PBXGroup section */

/* Begin PBXNativeTarget section */
		CACAA84C18DBF4E800DDBDCD /* Kelp */ = {
			isa = PBXNativeTarget;
			buildConfigurationList = CACAA87918DBF4E800DDBDCD /* Build configuration list for PBXNativeTarget "Kelp" */;
			buildPhases = (
				E16419BBBD3E4D6A910102AB /* Check Pods Manifest.lock */,
				CACAA84918DBF4E800DDBDCD /* Sources */,
				CACAA84A18DBF4E800DDBDCD /* Frameworks */,
				CACAA84B18DBF4E800DDBDCD /* Resources */,
				30B3F6D730F04468A8AE8A37 /* Copy Pods Resources */,
			);
			buildRules = (
			);
			dependencies = (
			);
			name = Kelp;
			productName = Kelp;
			productReference = CACAA84D18DBF4E800DDBDCD /* Kelp.app */;
			productType = "com.apple.product-type.application";
		};
		CACAA86718DBF4E800DDBDCD /* KelpTests */ = {
			isa = PBXNativeTarget;
			buildConfigurationList = CACAA87C18DBF4E800DDBDCD /* Build configuration list for PBXNativeTarget "KelpTests" */;
			buildPhases = (
				CACAA86418DBF4E800DDBDCD /* Sources */,
				CACAA86518DBF4E800DDBDCD /* Frameworks */,
				CACAA86618DBF4E800DDBDCD /* Resources */,
			);
			buildRules = (
			);
			dependencies = (
				CACAA86E18DBF4E800DDBDCD /* PBXTargetDependency */,
			);
			name = KelpTests;
			productName = KelpTests;
			productReference = CACAA86818DBF4E800DDBDCD /* KelpTests.xctest */;
			productType = "com.apple.product-type.bundle.unit-test";
		};
/* End PBXNativeTarget section */

/* Begin PBXProject section */
		CACAA84518DBF4E800DDBDCD /* Project object */ = {
			isa = PBXProject;
			attributes = {
				LastUpgradeCheck = 0510;
				ORGANIZATIONNAME = "Eric Socolofsky";
				TargetAttributes = {
					CACAA86718DBF4E800DDBDCD = {
						TestTargetID = CACAA84C18DBF4E800DDBDCD;
					};
				};
			};
			buildConfigurationList = CACAA84818DBF4E800DDBDCD /* Build configuration list for PBXProject "Kelp" */;
			compatibilityVersion = "Xcode 3.2";
			developmentRegion = English;
			hasScannedForEncodings = 0;
			knownRegions = (
				en,
			);
			mainGroup = CACAA84418DBF4E800DDBDCD;
			productRefGroup = CACAA84E18DBF4E800DDBDCD /* Products */;
			projectDirPath = "";
			projectRoot = "";
			targets = (
				CACAA84C18DBF4E800DDBDCD /* Kelp */,
				CACAA86718DBF4E800DDBDCD /* KelpTests */,
			);
		};
/* End PBXProject section */

/* Begin PBXResourcesBuildPhase section */
		CACAA84B18DBF4E800DDBDCD /* Resources */ = {
			isa = PBXResourcesBuildPhase;
			buildActionMask = 2147483647;
			files = (
				CACAA89718DC063A00DDBDCD /* star@2x.png in Resources */,
				CACAA85B18DBF4E800DDBDCD /* InfoPlist.strings in Resources */,
				CAC9595918DFEB4C000141E1 /* BusinessListViewCell.xib in Resources */,
				CAC9596818DFEFE6000141E1 /* PopularFilterViewCell.xib in Resources */,
				CAC9596D18DFFB6A000141E1 /* SortFilterViewCell.xib in Resources */,
				CACAA89618DC063A00DDBDCD /* star.png in Resources */,
				CAC9596318DFECFF000141E1 /* PriceFilterViewCell.xib in Resources */,
				CACAA86318DBF4E800DDBDCD /* Images.xcassets in Resources */,
				CAC9595E18DFEC93000141E1 /* FilterTableViewController.xib in Resources */,
				CACAA88318DBF51C00DDBDCD /* BusinessListViewController.xib in Resources */,
				CAC9597818E157F1000141E1 /* MenuDisclosureViewCell.xib in Resources */,
			);
			runOnlyForDeploymentPostprocessing = 0;
		};
		CACAA86618DBF4E800DDBDCD /* Resources */ = {
			isa = PBXResourcesBuildPhase;
			buildActionMask = 2147483647;
			files = (
				CACAA87418DBF4E800DDBDCD /* InfoPlist.strings in Resources */,
			);
			runOnlyForDeploymentPostprocessing = 0;
		};
/* End PBXResourcesBuildPhase section */

/* Begin PBXShellScriptBuildPhase section */
		30B3F6D730F04468A8AE8A37 /* Copy Pods Resources */ = {
			isa = PBXShellScriptBuildPhase;
			buildActionMask = 2147483647;
			files = (
			);
			inputPaths = (
			);
			name = "Copy Pods Resources";
			outputPaths = (
			);
			runOnlyForDeploymentPostprocessing = 0;
			shellPath = /bin/sh;
			shellScript = "\"${SRCROOT}/Pods/Pods-resources.sh\"\n";
			showEnvVarsInLog = 0;
		};
		E16419BBBD3E4D6A910102AB /* Check Pods Manifest.lock */ = {
			isa = PBXShellScriptBuildPhase;
			buildActionMask = 2147483647;
			files = (
			);
			inputPaths = (
			);
			name = "Check Pods Manifest.lock";
			outputPaths = (
			);
			runOnlyForDeploymentPostprocessing = 0;
			shellPath = /bin/sh;
			shellScript = "diff \"${PODS_ROOT}/../Podfile.lock\" \"${PODS_ROOT}/Manifest.lock\" > /dev/null\nif [[ $? != 0 ]] ; then\n    cat << EOM\nerror: The sandbox is not in sync with the Podfile.lock. Run 'pod install' or update your CocoaPods installation.\nEOM\n    exit 1\nfi\n";
			showEnvVarsInLog = 0;
		};
/* End PBXShellScriptBuildPhase section */

/* Begin PBXSourcesBuildPhase section */
		CACAA84918DBF4E800DDBDCD /* Sources */ = {
			isa = PBXSourcesBuildPhase;
			buildActionMask = 2147483647;
			files = (
				CACAA86118DBF4E800DDBDCD /* AppDelegate.m in Sources */,
				CAC9596C18DFFB6A000141E1 /* SortFilterViewCell.m in Sources */,
				CACAA88218DBF51C00DDBDCD /* BusinessListViewController.m in Sources */,
				CAC9597018E11C9A000141E1 /* FilterModel.m in Sources */,
				CAC9596218DFECFF000141E1 /* PriceFilterViewCell.m in Sources */,
				CACAA89A18DE328400DDBDCD /* YelpClient.m in Sources */,
				CAC9595D18DFEC93000141E1 /* FilterTableViewController.m in Sources */,
				CACAA85D18DBF4E800DDBDCD /* main.m in Sources */,
				CAC9596718DFEFE6000141E1 /* PopularFilterViewCell.m in Sources */,
				CAC9595818DFEB4C000141E1 /* BusinessListViewCell.m in Sources */,
				CACAA89D18DE372E00DDBDCD /* Constants.m in Sources */,
				CACAA88C18DBF61B00DDBDCD /* BusinessModel.m in Sources */,
				CAC9597718E157F1000141E1 /* MenuDisclosureViewCell.m in Sources */,
			);
			runOnlyForDeploymentPostprocessing = 0;
		};
		CACAA86418DBF4E800DDBDCD /* Sources */ = {
			isa = PBXSourcesBuildPhase;
			buildActionMask = 2147483647;
			files = (
				CACAA87618DBF4E800DDBDCD /* KelpTests.m in Sources */,
			);
			runOnlyForDeploymentPostprocessing = 0;
		};
/* End PBXSourcesBuildPhase section */

/* Begin PBXTargetDependency section */
		CACAA86E18DBF4E800DDBDCD /* PBXTargetDependency */ = {
			isa = PBXTargetDependency;
			target = CACAA84C18DBF4E800DDBDCD /* Kelp */;
			targetProxy = CACAA86D18DBF4E800DDBDCD /* PBXContainerItemProxy */;
		};
/* End PBXTargetDependency section */

/* Begin PBXVariantGroup section */
		CACAA85918DBF4E800DDBDCD /* InfoPlist.strings */ = {
			isa = PBXVariantGroup;
			children = (
				CACAA85A18DBF4E800DDBDCD /* en */,
			);
			name = InfoPlist.strings;
			sourceTree = "<group>";
		};
		CACAA87218DBF4E800DDBDCD /* InfoPlist.strings */ = {
			isa = PBXVariantGroup;
			children = (
				CACAA87318DBF4E800DDBDCD /* en */,
			);
			name = InfoPlist.strings;
			sourceTree = "<group>";
		};
/* End PBXVariantGroup section */

/* Begin XCBuildConfiguration section */
		CACAA87718DBF4E800DDBDCD /* Debug */ = {
			isa = XCBuildConfiguration;
			buildSettings = {
				ALWAYS_SEARCH_USER_PATHS = NO;
				CLANG_CXX_LANGUAGE_STANDARD = "gnu++0x";
				CLANG_CXX_LIBRARY = "libc++";
				CLANG_ENABLE_MODULES = YES;
				CLANG_ENABLE_OBJC_ARC = YES;
				CLANG_WARN_BOOL_CONVERSION = YES;
				CLANG_WARN_CONSTANT_CONVERSION = YES;
				CLANG_WARN_DIRECT_OBJC_ISA_USAGE = YES_ERROR;
				CLANG_WARN_EMPTY_BODY = YES;
				CLANG_WARN_ENUM_CONVERSION = YES;
				CLANG_WARN_INT_CONVERSION = YES;
				CLANG_WARN_OBJC_ROOT_CLASS = YES_ERROR;
				CLANG_WARN__DUPLICATE_METHOD_MATCH = YES;
				"CODE_SIGN_IDENTITY[sdk=iphoneos*]" = "iPhone Developer";
				COPY_PHASE_STRIP = NO;
				GCC_C_LANGUAGE_STANDARD = gnu99;
				GCC_DYNAMIC_NO_PIC = NO;
				GCC_OPTIMIZATION_LEVEL = 0;
				GCC_PREPROCESSOR_DEFINITIONS = (
					"DEBUG=1",
					"$(inherited)",
				);
				GCC_SYMBOLS_PRIVATE_EXTERN = NO;
				GCC_WARN_64_TO_32_BIT_CONVERSION = YES;
				GCC_WARN_ABOUT_RETURN_TYPE = YES_ERROR;
				GCC_WARN_UNDECLARED_SELECTOR = YES;
				GCC_WARN_UNINITIALIZED_AUTOS = YES_AGGRESSIVE;
				GCC_WARN_UNUSED_FUNCTION = YES;
				GCC_WARN_UNUSED_VARIABLE = YES;
				IPHONEOS_DEPLOYMENT_TARGET = 7.1;
				ONLY_ACTIVE_ARCH = YES;
				SDKROOT = iphoneos;
			};
			name = Debug;
		};
		CACAA87818DBF4E800DDBDCD /* Release */ = {
			isa = XCBuildConfiguration;
			buildSettings = {
				ALWAYS_SEARCH_USER_PATHS = NO;
				CLANG_CXX_LANGUAGE_STANDARD = "gnu++0x";
				CLANG_CXX_LIBRARY = "libc++";
				CLANG_ENABLE_MODULES = YES;
				CLANG_ENABLE_OBJC_ARC = YES;
				CLANG_WARN_BOOL_CONVERSION = YES;
				CLANG_WARN_CONSTANT_CONVERSION = YES;
				CLANG_WARN_DIRECT_OBJC_ISA_USAGE = YES_ERROR;
				CLANG_WARN_EMPTY_BODY = YES;
				CLANG_WARN_ENUM_CONVERSION = YES;
				CLANG_WARN_INT_CONVERSION = YES;
				CLANG_WARN_OBJC_ROOT_CLASS = YES_ERROR;
				CLANG_WARN__DUPLICATE_METHOD_MATCH = YES;
				"CODE_SIGN_IDENTITY[sdk=iphoneos*]" = "iPhone Developer";
				COPY_PHASE_STRIP = YES;
				ENABLE_NS_ASSERTIONS = NO;
				GCC_C_LANGUAGE_STANDARD = gnu99;
				GCC_WARN_64_TO_32_BIT_CONVERSION = YES;
				GCC_WARN_ABOUT_RETURN_TYPE = YES_ERROR;
				GCC_WARN_UNDECLARED_SELECTOR = YES;
				GCC_WARN_UNINITIALIZED_AUTOS = YES_AGGRESSIVE;
				GCC_WARN_UNUSED_FUNCTION = YES;
				GCC_WARN_UNUSED_VARIABLE = YES;
				IPHONEOS_DEPLOYMENT_TARGET = 7.1;
				SDKROOT = iphoneos;
				VALIDATE_PRODUCT = YES;
			};
			name = Release;
		};
		CACAA87A18DBF4E800DDBDCD /* Debug */ = {
			isa = XCBuildConfiguration;
			baseConfigurationReference = F90FF859AB48474FB16FC93B /* Pods.xcconfig */;
			buildSettings = {
				ASSETCATALOG_COMPILER_APPICON_NAME = AppIcon;
				ASSETCATALOG_COMPILER_LAUNCHIMAGE_NAME = LaunchImage;
				GCC_PRECOMPILE_PREFIX_HEADER = YES;
				GCC_PREFIX_HEADER = "Kelp/Kelp-Prefix.pch";
				INFOPLIST_FILE = "Kelp/Kelp-Info.plist";
				PRODUCT_NAME = "$(TARGET_NAME)";
				WRAPPER_EXTENSION = app;
			};
			name = Debug;
		};
		CACAA87B18DBF4E800DDBDCD /* Release */ = {
			isa = XCBuildConfiguration;
			baseConfigurationReference = F90FF859AB48474FB16FC93B /* Pods.xcconfig */;
			buildSettings = {
				ASSETCATALOG_COMPILER_APPICON_NAME = AppIcon;
				ASSETCATALOG_COMPILER_LAUNCHIMAGE_NAME = LaunchImage;
				GCC_PRECOMPILE_PREFIX_HEADER = YES;
				GCC_PREFIX_HEADER = "Kelp/Kelp-Prefix.pch";
				INFOPLIST_FILE = "Kelp/Kelp-Info.plist";
				PRODUCT_NAME = "$(TARGET_NAME)";
				WRAPPER_EXTENSION = app;
			};
			name = Release;
		};
		CACAA87D18DBF4E800DDBDCD /* Debug */ = {
			isa = XCBuildConfiguration;
			buildSettings = {
				BUNDLE_LOADER = "$(BUILT_PRODUCTS_DIR)/Kelp.app/Kelp";
				FRAMEWORK_SEARCH_PATHS = (
					"$(SDKROOT)/Developer/Library/Frameworks",
					"$(inherited)",
					"$(DEVELOPER_FRAMEWORKS_DIR)",
				);
				GCC_PRECOMPILE_PREFIX_HEADER = YES;
				GCC_PREFIX_HEADER = "Kelp/Kelp-Prefix.pch";
				GCC_PREPROCESSOR_DEFINITIONS = (
					"DEBUG=1",
					"$(inherited)",
				);
				INFOPLIST_FILE = "KelpTests/KelpTests-Info.plist";
				PRODUCT_NAME = "$(TARGET_NAME)";
				TEST_HOST = "$(BUNDLE_LOADER)";
				WRAPPER_EXTENSION = xctest;
			};
			name = Debug;
		};
		CACAA87E18DBF4E800DDBDCD /* Release */ = {
			isa = XCBuildConfiguration;
			buildSettings = {
				BUNDLE_LOADER = "$(BUILT_PRODUCTS_DIR)/Kelp.app/Kelp";
				FRAMEWORK_SEARCH_PATHS = (
					"$(SDKROOT)/Developer/Library/Frameworks",
					"$(inherited)",
					"$(DEVELOPER_FRAMEWORKS_DIR)",
				);
				GCC_PRECOMPILE_PREFIX_HEADER = YES;
				GCC_PREFIX_HEADER = "Kelp/Kelp-Prefix.pch";
				INFOPLIST_FILE = "KelpTests/KelpTests-Info.plist";
				PRODUCT_NAME = "$(TARGET_NAME)";
				TEST_HOST = "$(BUNDLE_LOADER)";
				WRAPPER_EXTENSION = xctest;
			};
			name = Release;
		};
/* End XCBuildConfiguration section */

/* Begin XCConfigurationList section */
		CACAA84818DBF4E800DDBDCD /* Build configuration list for PBXProject "Kelp" */ = {
			isa = XCConfigurationList;
			buildConfigurations = (
				CACAA87718DBF4E800DDBDCD /* Debug */,
				CACAA87818DBF4E800DDBDCD /* Release */,
			);
			defaultConfigurationIsVisible = 0;
			defaultConfigurationName = Release;
		};
		CACAA87918DBF4E800DDBDCD /* Build configuration list for PBXNativeTarget "Kelp" */ = {
			isa = XCConfigurationList;
			buildConfigurations = (
				CACAA87A18DBF4E800DDBDCD /* Debug */,
				CACAA87B18DBF4E800DDBDCD /* Release */,
			);
			defaultConfigurationIsVisible = 0;
			defaultConfigurationName = Release;
		};
		CACAA87C18DBF4E800DDBDCD /* Build configuration list for PBXNativeTarget "KelpTests" */ = {
			isa = XCConfigurationList;
			buildConfigurations = (
				CACAA87D18DBF4E800DDBDCD /* Debug */,
				CACAA87E18DBF4E800DDBDCD /* Release */,
			);
			defaultConfigurationIsVisible = 0;
			defaultConfigurationName = Release;
		};
/* End XCConfigurationList section */
	};
	rootObject = CACAA84518DBF4E800DDBDCD /* Project object */;
}
